
Microsoft Visual Studio Solution File, Format Version 12.00
# Visual Studio 15
VisualStudioVersion = 15.0.26730.10
MinimumVisualStudioVersion = 10.0.40219.1
Project("{FAE04EC0-301F-11D3-BF4B-00C04F79EFBC}") = "sample.Android", "sample\sample.Android\sample.Android.csproj", "{BD8A5B3C-0090-4B84-AFAC-59F3FB9348F0}"
EndProject
Project("{FAE04EC0-301F-11D3-BF4B-00C04F79EFBC}") = "sample", "sample\sample\sample.csproj", "{1B3827ED-F688-49C7-AB6C-1CE517FDFA6D}"
EndProject
Project("{FAE04EC0-301F-11D3-BF4B-00C04F79EFBC}") = "sample.UWP", "sample\sample.UWP\sample.UWP.csproj", "{B51AB76C-910B-4E29-A560-D3744E90BC18}"
EndProject
Project("{FAE04EC0-301F-11D3-BF4B-00C04F79EFBC}") = "sample.iOS", "sample\sample.iOS\sample.iOS.csproj", "{049A4A12-EFED-4FE8-9594-26B1ABE042CA}"
EndProject
Global
	GlobalSection(SolutionConfigurationPlatforms) = preSolution
		Ad-Hoc|Any CPU = Ad-Hoc|Any CPU
		Ad-Hoc|ARM = Ad-Hoc|ARM
		Ad-Hoc|iPhone = Ad-Hoc|iPhone
		Ad-Hoc|iPhoneSimulator = Ad-Hoc|iPhoneSimulator
		Ad-Hoc|x64 = Ad-Hoc|x64
		Ad-Hoc|x86 = Ad-Hoc|x86
		AppStore|Any CPU = AppStore|Any CPU
		AppStore|ARM = AppStore|ARM
		AppStore|iPhone = AppStore|iPhone
		AppStore|iPhoneSimulator = AppStore|iPhoneSimulator
		AppStore|x64 = AppStore|x64
		AppStore|x86 = AppStore|x86
		Debug|Any CPU = Debug|Any CPU
		Debug|ARM = Debug|ARM
		Debug|iPhone = Debug|iPhone
		Debug|iPhoneSimulator = Debug|iPhoneSimulator
		Debug|x64 = Debug|x64
		Debug|x86 = Debug|x86
		Release|Any CPU = Release|Any CPU
		Release|ARM = Release|ARM
		Release|iPhone = Release|iPhone
		Release|iPhoneSimulator = Release|iPhoneSimulator
		Release|x64 = Release|x64
		Release|x86 = Release|x86
	EndGlobalSection
	GlobalSection(ProjectConfigurationPlatforms) = postSolution
		{BD8A5B3C-0090-4B84-AFAC-59F3FB9348F0}.Ad-Hoc|Any CPU.ActiveCfg = Release|Any CPU
		{BD8A5B3C-0090-4B84-AFAC-59F3FB9348F0}.Ad-Hoc|Any CPU.Build.0 = Release|Any CPU
		{BD8A5B3C-0090-4B84-AFAC-59F3FB9348F0}.Ad-Hoc|Any CPU.Deploy.0 = Release|Any CPU
		{BD8A5B3C-0090-4B84-AFAC-59F3FB9348F0}.Ad-Hoc|ARM.ActiveCfg = Release|Any CPU
		{BD8A5B3C-0090-4B84-AFAC-59F3FB9348F0}.Ad-Hoc|ARM.Build.0 = Release|Any CPU
		{BD8A5B3C-0090-4B84-AFAC-59F3FB9348F0}.Ad-Hoc|ARM.Deploy.0 = Release|Any CPU
		{BD8A5B3C-0090-4B84-AFAC-59F3FB9348F0}.Ad-Hoc|iPhone.ActiveCfg = Release|Any CPU
		{BD8A5B3C-0090-4B84-AFAC-59F3FB9348F0}.Ad-Hoc|iPhone.Build.0 = Release|Any CPU
		{BD8A5B3C-0090-4B84-AFAC-59F3FB9348F0}.Ad-Hoc|iPhone.Deploy.0 = Release|Any CPU
		{BD8A5B3C-0090-4B84-AFAC-59F3FB9348F0}.Ad-Hoc|iPhoneSimulator.ActiveCfg = Release|Any CPU
		{BD8A5B3C-0090-4B84-AFAC-59F3FB9348F0}.Ad-Hoc|iPhoneSimulator.Build.0 = Release|Any CPU
		{BD8A5B3C-0090-4B84-AFAC-59F3FB9348F0}.Ad-Hoc|iPhoneSimulator.Deploy.0 = Release|Any CPU
		{BD8A5B3C-0090-4B84-AFAC-59F3FB9348F0}.Ad-Hoc|x64.ActiveCfg = Release|Any CPU
		{BD8A5B3C-0090-4B84-AFAC-59F3FB9348F0}.Ad-Hoc|x64.Build.0 = Release|Any CPU
		{BD8A5B3C-0090-4B84-AFAC-59F3FB9348F0}.Ad-Hoc|x64.Deploy.0 = Release|Any CPU
		{BD8A5B3C-0090-4B84-AFAC-59F3FB9348F0}.Ad-Hoc|x86.ActiveCfg = Release|Any CPU
		{BD8A5B3C-0090-4B84-AFAC-59F3FB9348F0}.Ad-Hoc|x86.Build.0 = Release|Any CPU
		{BD8A5B3C-0090-4B84-AFAC-59F3FB9348F0}.Ad-Hoc|x86.Deploy.0 = Release|Any CPU
		{BD8A5B3C-0090-4B84-AFAC-59F3FB9348F0}.AppStore|Any CPU.ActiveCfg = Release|Any CPU
		{BD8A5B3C-0090-4B84-AFAC-59F3FB9348F0}.AppStore|Any CPU.Build.0 = Release|Any CPU
		{BD8A5B3C-0090-4B84-AFAC-59F3FB9348F0}.AppStore|Any CPU.Deploy.0 = Release|Any CPU
		{BD8A5B3C-0090-4B84-AFAC-59F3FB9348F0}.AppStore|ARM.ActiveCfg = Release|Any CPU
		{BD8A5B3C-0090-4B84-AFAC-59F3FB9348F0}.AppStore|ARM.Build.0 = Release|Any CPU
		{BD8A5B3C-0090-4B84-AFAC-59F3FB9348F0}.AppStore|ARM.Deploy.0 = Release|Any CPU
		{BD8A5B3C-0090-4B84-AFAC-59F3FB9348F0}.AppStore|iPhone.ActiveCfg = Release|Any CPU
		{BD8A5B3C-0090-4B84-AFAC-59F3FB9348F0}.AppStore|iPhone.Build.0 = Release|Any CPU
		{BD8A5B3C-0090-4B84-AFAC-59F3FB9348F0}.AppStore|iPhone.Deploy.0 = Release|Any CPU
		{BD8A5B3C-0090-4B84-AFAC-59F3FB9348F0}.AppStore|iPhoneSimulator.ActiveCfg = Release|Any CPU
		{BD8A5B3C-0090-4B84-AFAC-59F3FB9348F0}.AppStore|iPhoneSimulator.Build.0 = Release|Any CPU
		{BD8A5B3C-0090-4B84-AFAC-59F3FB9348F0}.AppStore|iPhoneSimulator.Deploy.0 = Release|Any CPU
		{BD8A5B3C-0090-4B84-AFAC-59F3FB9348F0}.AppStore|x64.ActiveCfg = Release|Any CPU
		{BD8A5B3C-0090-4B84-AFAC-59F3FB9348F0}.AppStore|x64.Build.0 = Release|Any CPU
		{BD8A5B3C-0090-4B84-AFAC-59F3FB9348F0}.AppStore|x64.Deploy.0 = Release|Any CPU
		{BD8A5B3C-0090-4B84-AFAC-59F3FB9348F0}.AppStore|x86.ActiveCfg = Release|Any CPU
		{BD8A5B3C-0090-4B84-AFAC-59F3FB9348F0}.AppStore|x86.Build.0 = Release|Any CPU
		{BD8A5B3C-0090-4B84-AFAC-59F3FB9348F0}.AppStore|x86.Deploy.0 = Release|Any CPU
		{BD8A5B3C-0090-4B84-AFAC-59F3FB9348F0}.Debug|Any CPU.ActiveCfg = Debug|Any CPU
		{BD8A5B3C-0090-4B84-AFAC-59F3FB9348F0}.Debug|Any CPU.Build.0 = Debug|Any CPU
		{BD8A5B3C-0090-4B84-AFAC-59F3FB9348F0}.Debug|Any CPU.Deploy.0 = Debug|Any CPU
		{BD8A5B3C-0090-4B84-AFAC-59F3FB9348F0}.Debug|ARM.ActiveCfg = Debug|Any CPU
		{BD8A5B3C-0090-4B84-AFAC-59F3FB9348F0}.Debug|ARM.Build.0 = Debug|Any CPU
		{BD8A5B3C-0090-4B84-AFAC-59F3FB9348F0}.Debug|ARM.Deploy.0 = Debug|Any CPU
		{BD8A5B3C-0090-4B84-AFAC-59F3FB9348F0}.Debug|iPhone.ActiveCfg = Debug|Any CPU
		{BD8A5B3C-0090-4B84-AFAC-59F3FB9348F0}.Debug|iPhone.Build.0 = Debug|Any CPU
		{BD8A5B3C-0090-4B84-AFAC-59F3FB9348F0}.Debug|iPhone.Deploy.0 = Debug|Any CPU
		{BD8A5B3C-0090-4B84-AFAC-59F3FB9348F0}.Debug|iPhoneSimulator.ActiveCfg = Debug|Any CPU
		{BD8A5B3C-0090-4B84-AFAC-59F3FB9348F0}.Debug|iPhoneSimulator.Build.0 = Debug|Any CPU
		{BD8A5B3C-0090-4B84-AFAC-59F3FB9348F0}.Debug|iPhoneSimulator.Deploy.0 = Debug|Any CPU
		{BD8A5B3C-0090-4B84-AFAC-59F3FB9348F0}.Debug|x64.ActiveCfg = Debug|Any CPU
		{BD8A5B3C-0090-4B84-AFAC-59F3FB9348F0}.Debug|x64.Build.0 = Debug|Any CPU
		{BD8A5B3C-0090-4B84-AFAC-59F3FB9348F0}.Debug|x64.Deploy.0 = Debug|Any CPU
		{BD8A5B3C-0090-4B84-AFAC-59F3FB9348F0}.Debug|x86.ActiveCfg = Debug|Any CPU
		{BD8A5B3C-0090-4B84-AFAC-59F3FB9348F0}.Debug|x86.Build.0 = Debug|Any CPU
		{BD8A5B3C-0090-4B84-AFAC-59F3FB9348F0}.Debug|x86.Deploy.0 = Debug|Any CPU
		{BD8A5B3C-0090-4B84-AFAC-59F3FB9348F0}.Release|Any CPU.ActiveCfg = Release|Any CPU
		{BD8A5B3C-0090-4B84-AFAC-59F3FB9348F0}.Release|Any CPU.Build.0 = Release|Any CPU
		{BD8A5B3C-0090-4B84-AFAC-59F3FB9348F0}.Release|Any CPU.Deploy.0 = Release|Any CPU
		{BD8A5B3C-0090-4B84-AFAC-59F3FB9348F0}.Release|ARM.ActiveCfg = Release|Any CPU
		{BD8A5B3C-0090-4B84-AFAC-59F3FB9348F0}.Release|ARM.Build.0 = Release|Any CPU
		{BD8A5B3C-0090-4B84-AFAC-59F3FB9348F0}.Release|ARM.Deploy.0 = Release|Any CPU
		{BD8A5B3C-0090-4B84-AFAC-59F3FB9348F0}.Release|iPhone.ActiveCfg = Release|Any CPU
		{BD8A5B3C-0090-4B84-AFAC-59F3FB9348F0}.Release|iPhone.Build.0 = Release|Any CPU
		{BD8A5B3C-0090-4B84-AFAC-59F3FB9348F0}.Release|iPhone.Deploy.0 = Release|Any CPU
		{BD8A5B3C-0090-4B84-AFAC-59F3FB9348F0}.Release|iPhoneSimulator.ActiveCfg = Release|Any CPU
		{BD8A5B3C-0090-4B84-AFAC-59F3FB9348F0}.Release|iPhoneSimulator.Build.0 = Release|Any CPU
		{BD8A5B3C-0090-4B84-AFAC-59F3FB9348F0}.Release|iPhoneSimulator.Deploy.0 = Release|Any CPU
		{BD8A5B3C-0090-4B84-AFAC-59F3FB9348F0}.Release|x64.ActiveCfg = Release|Any CPU
		{BD8A5B3C-0090-4B84-AFAC-59F3FB9348F0}.Release|x64.Build.0 = Release|Any CPU
		{BD8A5B3C-0090-4B84-AFAC-59F3FB9348F0}.Release|x64.Deploy.0 = Release|Any CPU
		{BD8A5B3C-0090-4B84-AFAC-59F3FB9348F0}.Release|x86.ActiveCfg = Release|Any CPU
		{BD8A5B3C-0090-4B84-AFAC-59F3FB9348F0}.Release|x86.Build.0 = Release|Any CPU
		{BD8A5B3C-0090-4B84-AFAC-59F3FB9348F0}.Release|x86.Deploy.0 = Release|Any CPU
		{1B3827ED-F688-49C7-AB6C-1CE517FDFA6D}.Ad-Hoc|Any CPU.ActiveCfg = Release|Any CPU
		{1B3827ED-F688-49C7-AB6C-1CE517FDFA6D}.Ad-Hoc|Any CPU.Build.0 = Release|Any CPU
		{1B3827ED-F688-49C7-AB6C-1CE517FDFA6D}.Ad-Hoc|ARM.ActiveCfg = Release|Any CPU
		{1B3827ED-F688-49C7-AB6C-1CE517FDFA6D}.Ad-Hoc|ARM.Build.0 = Release|Any CPU
		{1B3827ED-F688-49C7-AB6C-1CE517FDFA6D}.Ad-Hoc|iPhone.ActiveCfg = Release|Any CPU
		{1B3827ED-F688-49C7-AB6C-1CE517FDFA6D}.Ad-Hoc|iPhone.Build.0 = Release|Any CPU
		{1B3827ED-F688-49C7-AB6C-1CE517FDFA6D}.Ad-Hoc|iPhoneSimulator.ActiveCfg = Release|Any CPU
		{1B3827ED-F688-49C7-AB6C-1CE517FDFA6D}.Ad-Hoc|iPhoneSimulator.Build.0 = Release|Any CPU
		{1B3827ED-F688-49C7-AB6C-1CE517FDFA6D}.Ad-Hoc|x64.ActiveCfg = Release|Any CPU
		{1B3827ED-F688-49C7-AB6C-1CE517FDFA6D}.Ad-Hoc|x64.Build.0 = Release|Any CPU
		{1B3827ED-F688-49C7-AB6C-1CE517FDFA6D}.Ad-Hoc|x86.ActiveCfg = Release|Any CPU
		{1B3827ED-F688-49C7-AB6C-1CE517FDFA6D}.Ad-Hoc|x86.Build.0 = Release|Any CPU
		{1B3827ED-F688-49C7-AB6C-1CE517FDFA6D}.AppStore|Any CPU.ActiveCfg = Release|Any CPU
		{1B3827ED-F688-49C7-AB6C-1CE517FDFA6D}.AppStore|Any CPU.Build.0 = Release|Any CPU
		{1B3827ED-F688-49C7-AB6C-1CE517FDFA6D}.AppStore|ARM.ActiveCfg = Release|Any CPU
		{1B3827ED-F688-49C7-AB6C-1CE517FDFA6D}.AppStore|ARM.Build.0 = Release|Any CPU
		{1B3827ED-F688-49C7-AB6C-1CE517FDFA6D}.AppStore|iPhone.ActiveCfg = Release|Any CPU
		{1B3827ED-F688-49C7-AB6C-1CE517FDFA6D}.AppStore|iPhone.Build.0 = Release|Any CPU
		{1B3827ED-F688-49C7-AB6C-1CE517FDFA6D}.AppStore|iPhoneSimulator.ActiveCfg = Release|Any CPU
		{1B3827ED-F688-49C7-AB6C-1CE517FDFA6D}.AppStore|iPhoneSimulator.Build.0 = Release|Any CPU
		{1B3827ED-F688-49C7-AB6C-1CE517FDFA6D}.AppStore|x64.ActiveCfg = Release|Any CPU
		{1B3827ED-F688-49C7-AB6C-1CE517FDFA6D}.AppStore|x64.Build.0 = Release|Any CPU
		{1B3827ED-F688-49C7-AB6C-1CE517FDFA6D}.AppStore|x86.ActiveCfg = Release|Any CPU
		{1B3827ED-F688-49C7-AB6C-1CE517FDFA6D}.AppStore|x86.Build.0 = Release|Any CPU
		{1B3827ED-F688-49C7-AB6C-1CE517FDFA6D}.Debug|Any CPU.ActiveCfg = Debug|Any CPU
		{1B3827ED-F688-49C7-AB6C-1CE517FDFA6D}.Debug|Any CPU.Build.0 = Debug|Any CPU
		{1B3827ED-F688-49C7-AB6C-1CE517FDFA6D}.Debug|ARM.ActiveCfg = Debug|Any CPU
		{1B3827ED-F688-49C7-AB6C-1CE517FDFA6D}.Debug|ARM.Build.0 = Debug|Any CPU
		{1B3827ED-F688-49C7-AB6C-1CE517FDFA6D}.Debug|iPhone.ActiveCfg = Debug|Any CPU
		{1B3827ED-F688-49C7-AB6C-1CE517FDFA6D}.Debug|iPhone.Build.0 = Debug|Any CPU
		{1B3827ED-F688-49C7-AB6C-1CE517FDFA6D}.Debug|iPhoneSimulator.ActiveCfg = Debug|Any CPU
		{1B3827ED-F688-49C7-AB6C-1CE517FDFA6D}.Debug|iPhoneSimulator.Build.0 = Debug|Any CPU
		{1B3827ED-F688-49C7-AB6C-1CE517FDFA6D}.Debug|x64.ActiveCfg = Debug|Any CPU
		{1B3827ED-F688-49C7-AB6C-1CE517FDFA6D}.Debug|x64.Build.0 = Debug|Any CPU
		{1B3827ED-F688-49C7-AB6C-1CE517FDFA6D}.Debug|x86.ActiveCfg = Debug|Any CPU
		{1B3827ED-F688-49C7-AB6C-1CE517FDFA6D}.Debug|x86.Build.0 = Debug|Any CPU
		{1B3827ED-F688-49C7-AB6C-1CE517FDFA6D}.Release|Any CPU.ActiveCfg = Release|Any CPU
		{1B3827ED-F688-49C7-AB6C-1CE517FDFA6D}.Release|Any CPU.Build.0 = Release|Any CPU
		{1B3827ED-F688-49C7-AB6C-1CE517FDFA6D}.Release|ARM.ActiveCfg = Release|Any CPU
		{1B3827ED-F688-49C7-AB6C-1CE517FDFA6D}.Release|ARM.Build.0 = Release|Any CPU
		{1B3827ED-F688-49C7-AB6C-1CE517FDFA6D}.Release|iPhone.ActiveCfg = Release|Any CPU
		{1B3827ED-F688-49C7-AB6C-1CE517FDFA6D}.Release|iPhone.Build.0 = Release|Any CPU
		{1B3827ED-F688-49C7-AB6C-1CE517FDFA6D}.Release|iPhoneSimulator.ActiveCfg = Release|Any CPU
		{1B3827ED-F688-49C7-AB6C-1CE517FDFA6D}.Release|iPhoneSimulator.Build.0 = Release|Any CPU
		{1B3827ED-F688-49C7-AB6C-1CE517FDFA6D}.Release|x64.ActiveCfg = Release|Any CPU
		{1B3827ED-F688-49C7-AB6C-1CE517FDFA6D}.Release|x64.Build.0 = Release|Any CPU
		{1B3827ED-F688-49C7-AB6C-1CE517FDFA6D}.Release|x86.ActiveCfg = Release|Any CPU
		{1B3827ED-F688-49C7-AB6C-1CE517FDFA6D}.Release|x86.Build.0 = Release|Any CPU
		{B51AB76C-910B-4E29-A560-D3744E90BC18}.Ad-Hoc|Any CPU.ActiveCfg = Release|x86
		{B51AB76C-910B-4E29-A560-D3744E90BC18}.Ad-Hoc|Any CPU.Build.0 = Release|x86
		{B51AB76C-910B-4E29-A560-D3744E90BC18}.Ad-Hoc|Any CPU.Deploy.0 = Release|x86
		{B51AB76C-910B-4E29-A560-D3744E90BC18}.Ad-Hoc|ARM.ActiveCfg = Release|ARM
		{B51AB76C-910B-4E29-A560-D3744E90BC18}.Ad-Hoc|ARM.Build.0 = Release|ARM
		{B51AB76C-910B-4E29-A560-D3744E90BC18}.Ad-Hoc|ARM.Deploy.0 = Release|ARM
		{B51AB76C-910B-4E29-A560-D3744E90BC18}.Ad-Hoc|iPhone.ActiveCfg = Release|x86
		{B51AB76C-910B-4E29-A560-D3744E90BC18}.Ad-Hoc|iPhone.Build.0 = Release|x86
		{B51AB76C-910B-4E29-A560-D3744E90BC18}.Ad-Hoc|iPhone.Deploy.0 = Release|x86
		{B51AB76C-910B-4E29-A560-D3744E90BC18}.Ad-Hoc|iPhoneSimulator.ActiveCfg = Release|x86
		{B51AB76C-910B-4E29-A560-D3744E90BC18}.Ad-Hoc|iPhoneSimulator.Build.0 = Release|x86
		{B51AB76C-910B-4E29-A560-D3744E90BC18}.Ad-Hoc|iPhoneSimulator.Deploy.0 = Release|x86
		{B51AB76C-910B-4E29-A560-D3744E90BC18}.Ad-Hoc|x64.ActiveCfg = Release|x64
		{B51AB76C-910B-4E29-A560-D3744E90BC18}.Ad-Hoc|x64.Build.0 = Release|x64
		{B51AB76C-910B-4E29-A560-D3744E90BC18}.Ad-Hoc|x64.Deploy.0 = Release|x64
		{B51AB76C-910B-4E29-A560-D3744E90BC18}.Ad-Hoc|x86.ActiveCfg = Release|x86
		{B51AB76C-910B-4E29-A560-D3744E90BC18}.Ad-Hoc|x86.Build.0 = Release|x86
		{B51AB76C-910B-4E29-A560-D3744E90BC18}.Ad-Hoc|x86.Deploy.0 = Release|x86
		{B51AB76C-910B-4E29-A560-D3744E90BC18}.AppStore|Any CPU.ActiveCfg = Release|x86
		{B51AB76C-910B-4E29-A560-D3744E90BC18}.AppStore|Any CPU.Build.0 = Release|x86
		{B51AB76C-910B-4E29-A560-D3744E90BC18}.AppStore|Any CPU.Deploy.0 = Release|x86
		{B51AB76C-910B-4E29-A560-D3744E90BC18}.AppStore|ARM.ActiveCfg = Release|ARM
		{B51AB76C-910B-4E29-A560-D3744E90BC18}.AppStore|ARM.Build.0 = Release|ARM
		{B51AB76C-910B-4E29-A560-D3744E90BC18}.AppStore|ARM.Deploy.0 = Release|ARM
		{B51AB76C-910B-4E29-A560-D3744E90BC18}.AppStore|iPhone.ActiveCfg = Release|x86
		{B51AB76C-910B-4E29-A560-D3744E90BC18}.AppStore|iPhone.Build.0 = Release|x86
		{B51AB76C-910B-4E29-A560-D3744E90BC18}.AppStore|iPhone.Deploy.0 = Release|x86
		{B51AB76C-910B-4E29-A560-D3744E90BC18}.AppStore|iPhoneSimulator.ActiveCfg = Release|x86
		{B51AB76C-910B-4E29-A560-D3744E90BC18}.AppStore|iPhoneSimulator.Build.0 = Release|x86
		{B51AB76C-910B-4E29-A560-D3744E90BC18}.AppStore|iPhoneSimulator.Deploy.0 = Release|x86
		{B51AB76C-910B-4E29-A560-D3744E90BC18}.AppStore|x64.ActiveCfg = Release|x64
		{B51AB76C-910B-4E29-A560-D3744E90BC18}.AppStore|x64.Build.0 = Release|x64
		{B51AB76C-910B-4E29-A560-D3744E90BC18}.AppStore|x64.Deploy.0 = Release|x64
		{B51AB76C-910B-4E29-A560-D3744E90BC18}.AppStore|x86.ActiveCfg = Release|x86
		{B51AB76C-910B-4E29-A560-D3744E90BC18}.AppStore|x86.Build.0 = Release|x86
		{B51AB76C-910B-4E29-A560-D3744E90BC18}.AppStore|x86.Deploy.0 = Release|x86
		{B51AB76C-910B-4E29-A560-D3744E90BC18}.Debug|Any CPU.ActiveCfg = Debug|x86
		{B51AB76C-910B-4E29-A560-D3744E90BC18}.Debug|ARM.ActiveCfg = Debug|ARM
		{B51AB76C-910B-4E29-A560-D3744E90BC18}.Debug|ARM.Build.0 = Debug|ARM
		{B51AB76C-910B-4E29-A560-D3744E90BC18}.Debug|ARM.Deploy.0 = Debug|ARM
		{B51AB76C-910B-4E29-A560-D3744E90BC18}.Debug|iPhone.ActiveCfg = Debug|x86
		{B51AB76C-910B-4E29-A560-D3744E90BC18}.Debug|iPhoneSimulator.ActiveCfg = Debug|x86
		{B51AB76C-910B-4E29-A560-D3744E90BC18}.Debug|x64.ActiveCfg = Debug|x64
		{B51AB76C-910B-4E29-A560-D3744E90BC18}.Debug|x64.Build.0 = Debug|x64
		{B51AB76C-910B-4E29-A560-D3744E90BC18}.Debug|x64.Deploy.0 = Debug|x64
		{B51AB76C-910B-4E29-A560-D3744E90BC18}.Debug|x86.ActiveCfg = Debug|x86
		{B51AB76C-910B-4E29-A560-D3744E90BC18}.Debug|x86.Build.0 = Debug|x86
		{B51AB76C-910B-4E29-A560-D3744E90BC18}.Debug|x86.Deploy.0 = Debug|x86
		{B51AB76C-910B-4E29-A560-D3744E90BC18}.Release|Any CPU.ActiveCfg = Release|x86
		{B51AB76C-910B-4E29-A560-D3744E90BC18}.Release|ARM.ActiveCfg = Release|ARM
		{B51AB76C-910B-4E29-A560-D3744E90BC18}.Release|ARM.Build.0 = Release|ARM
		{B51AB76C-910B-4E29-A560-D3744E90BC18}.Release|ARM.Deploy.0 = Release|ARM
		{B51AB76C-910B-4E29-A560-D3744E90BC18}.Release|iPhone.ActiveCfg = Release|x86
		{B51AB76C-910B-4E29-A560-D3744E90BC18}.Release|iPhoneSimulator.ActiveCfg = Release|x86
		{B51AB76C-910B-4E29-A560-D3744E90BC18}.Release|x64.ActiveCfg = Release|x64
		{B51AB76C-910B-4E29-A560-D3744E90BC18}.Release|x64.Build.0 = Release|x64
		{B51AB76C-910B-4E29-A560-D3744E90BC18}.Release|x64.Deploy.0 = Release|x64
		{B51AB76C-910B-4E29-A560-D3744E90BC18}.Release|x86.ActiveCfg = Release|x86
		{B51AB76C-910B-4E29-A560-D3744E90BC18}.Release|x86.Build.0 = Release|x86
		{B51AB76C-910B-4E29-A560-D3744E90BC18}.Release|x86.Deploy.0 = Release|x86
		{049A4A12-EFED-4FE8-9594-26B1ABE042CA}.Ad-Hoc|Any CPU.ActiveCfg = Ad-Hoc|iPhone
		{049A4A12-EFED-4FE8-9594-26B1ABE042CA}.Ad-Hoc|ARM.ActiveCfg = Ad-Hoc|iPhone
		{049A4A12-EFED-4FE8-9594-26B1ABE042CA}.Ad-Hoc|iPhone.ActiveCfg = Ad-Hoc|iPhone
		{049A4A12-EFED-4FE8-9594-26B1ABE042CA}.Ad-Hoc|iPhone.Build.0 = Ad-Hoc|iPhone
		{049A4A12-EFED-4FE8-9594-26B1ABE042CA}.Ad-Hoc|iPhoneSimulator.ActiveCfg = Ad-Hoc|iPhoneSimulator
		{049A4A12-EFED-4FE8-9594-26B1ABE042CA}.Ad-Hoc|iPhoneSimulator.Build.0 = Ad-Hoc|iPhoneSimulator
		{049A4A12-EFED-4FE8-9594-26B1ABE042CA}.Ad-Hoc|x64.ActiveCfg = Ad-Hoc|iPhone
		{049A4A12-EFED-4FE8-9594-26B1ABE042CA}.Ad-Hoc|x86.ActiveCfg = Ad-Hoc|iPhone
		{049A4A12-EFED-4FE8-9594-26B1ABE042CA}.AppStore|Any CPU.ActiveCfg = AppStore|iPhone
		{049A4A12-EFED-4FE8-9594-26B1ABE042CA}.AppStore|ARM.ActiveCfg = AppStore|iPhone
		{049A4A12-EFED-4FE8-9594-26B1ABE042CA}.AppStore|iPhone.ActiveCfg = AppStore|iPhone
		{049A4A12-EFED-4FE8-9594-26B1ABE042CA}.AppStore|iPhone.Build.0 = AppStore|iPhone
		{049A4A12-EFED-4FE8-9594-26B1ABE042CA}.AppStore|iPhoneSimulator.ActiveCfg = AppStore|iPhoneSimulator
		{049A4A12-EFED-4FE8-9594-26B1ABE042CA}.AppStore|iPhoneSimulator.Build.0 = AppStore|iPhoneSimulator
		{049A4A12-EFED-4FE8-9594-26B1ABE042CA}.AppStore|x64.ActiveCfg = AppStore|iPhone
		{049A4A12-EFED-4FE8-9594-26B1ABE042CA}.AppStore|x86.ActiveCfg = AppStore|iPhone
		{049A4A12-EFED-4FE8-9594-26B1ABE042CA}.Debug|Any CPU.ActiveCfg = Debug|iPhone
		{049A4A12-EFED-4FE8-9594-26B1ABE042CA}.Debug|ARM.ActiveCfg = Debug|iPhone
		{049A4A12-EFED-4FE8-9594-26B1ABE042CA}.Debug|iPhone.ActiveCfg = Debug|iPhone
		{049A4A12-EFED-4FE8-9594-26B1ABE042CA}.Debug|iPhone.Build.0 = Debug|iPhone
		{049A4A12-EFED-4FE8-9594-26B1ABE042CA}.Debug|iPhoneSimulator.ActiveCfg = Debug|iPhoneSimulator
		{049A4A12-EFED-4FE8-9594-26B1ABE042CA}.Debug|iPhoneSimulator.Build.0 = Debug|iPhoneSimulator
		{049A4A12-EFED-4FE8-9594-26B1ABE042CA}.Debug|x64.ActiveCfg = Debug|iPhone
		{049A4A12-EFED-4FE8-9594-26B1ABE042CA}.Debug|x86.ActiveCfg = Debug|iPhone
		{049A4A12-EFED-4FE8-9594-26B1ABE042CA}.Release|Any CPU.ActiveCfg = Release|iPhone
		{049A4A12-EFED-4FE8-9594-26B1ABE042CA}.Release|ARM.ActiveCfg = Release|iPhone
		{049A4A12-EFED-4FE8-9594-26B1ABE042CA}.Release|iPhone.ActiveCfg = Release|iPhone
		{049A4A12-EFED-4FE8-9594-26B1ABE042CA}.Release|iPhone.Build.0 = Release|iPhone
		{049A4A12-EFED-4FE8-9594-26B1ABE042CA}.Release|iPhoneSimulator.ActiveCfg = Release|iPhoneSimulator
		{049A4A12-EFED-4FE8-9594-26B1ABE042CA}.Release|iPhoneSimulator.Build.0 = Release|iPhoneSimulator
		{049A4A12-EFED-4FE8-9594-26B1ABE042CA}.Release|x64.ActiveCfg = Release|iPhone
		{049A4A12-EFED-4FE8-9594-26B1ABE042CA}.Release|x86.ActiveCfg = Release|iPhone
	EndGlobalSection
	GlobalSection(SolutionProperties) = preSolution
		HideSolutionNode = FALSE
	EndGlobalSection
	GlobalSection(ExtensibilityGlobals) = postSolution
		SolutionGuid = {209BA84C-32F4-448D-875D-A9A0E1ED38A9}
	EndGlobalSection
EndGlobal
